
Microsoft Visual Studio Solution File, Format Version 12.00
# Visual Studio Version 17
VisualStudioVersion = 17.0.32014.148
MinimumVisualStudioVersion = 10.0.40219.1
Project("{FAE04EC0-301F-11D3-BF4B-00C04F79EFBC}") = "AdoNetWindow", "AdoNetWindow\AdoNetWindow.csproj", "{26C5A38B-E28D-4BE5-BFA6-E83B45912818}"
EndProject
Project("{FAE04EC0-301F-11D3-BF4B-00C04F79EFBC}") = "AdoNet", "AdoNet\AdoNet.csproj", "{041B0256-FC87-4E5D-AEA7-4C420A9FC5BF}"
EndProject
Project("{FAE04EC0-301F-11D3-BF4B-00C04F79EFBC}") = "AppConfiguration", "AppConfiguration\AppConfiguration.csproj", "{95167E1C-EB35-439E-A076-9278319DC932}"
EndProject
Project("{FAE04EC0-301F-11D3-BF4B-00C04F79EFBC}") = "AdoNetWindow.Model", "AdoNetWindow.Model\AdoNetWindow.Model.csproj", "{50470277-3344-45B0-B957-C99EC0B8CF7E}"
EndProject
Project("{FAE04EC0-301F-11D3-BF4B-00C04F79EFBC}") = "Libs", "Libs\Libs.csproj", "{41B2D3D2-EA4B-49AB-9A2D-7FE8EF41F436}"
EndProject
Project("{FAE04EC0-301F-11D3-BF4B-00C04F79EFBC}") = "Repositories", "Repositories\Repositories.csproj", "{BB0335A2-C47D-457B-9E36-FD50D22879E2}"
EndProject
Global
	GlobalSection(SolutionConfigurationPlatforms) = preSolution
		Debug|Any CPU = Debug|Any CPU
		Release|Any CPU = Release|Any CPU
	EndGlobalSection
	GlobalSection(ProjectConfigurationPlatforms) = postSolution
		{26C5A38B-E28D-4BE5-BFA6-E83B45912818}.Debug|Any CPU.ActiveCfg = Debug|Any CPU
		{26C5A38B-E28D-4BE5-BFA6-E83B45912818}.Debug|Any CPU.Build.0 = Debug|Any CPU
		{26C5A38B-E28D-4BE5-BFA6-E83B45912818}.Release|Any CPU.ActiveCfg = Release|Any CPU
		{26C5A38B-E28D-4BE5-BFA6-E83B45912818}.Release|Any CPU.Build.0 = Release|Any CPU
		{041B0256-FC87-4E5D-AEA7-4C420A9FC5BF}.Debug|Any CPU.ActiveCfg = Debug|Any CPU
		{041B0256-FC87-4E5D-AEA7-4C420A9FC5BF}.Debug|Any CPU.Build.0 = Debug|Any CPU
		{041B0256-FC87-4E5D-AEA7-4C420A9FC5BF}.Release|Any CPU.ActiveCfg = Release|Any CPU
		{041B0256-FC87-4E5D-AEA7-4C420A9FC5BF}.Release|Any CPU.Build.0 = Release|Any CPU
		{95167E1C-EB35-439E-A076-9278319DC932}.Debug|Any CPU.ActiveCfg = Debug|Any CPU
		{95167E1C-EB35-439E-A076-9278319DC932}.Debug|Any CPU.Build.0 = Debug|Any CPU
		{95167E1C-EB35-439E-A076-9278319DC932}.Release|Any CPU.ActiveCfg = Release|Any CPU
		{95167E1C-EB35-439E-A076-9278319DC932}.Release|Any CPU.Build.0 = Release|Any CPU
		{50470277-3344-45B0-B957-C99EC0B8CF7E}.Debug|Any CPU.ActiveCfg = Debug|Any CPU
		{50470277-3344-45B0-B957-C99EC0B8CF7E}.Debug|Any CPU.Build.0 = Debug|Any CPU
		{50470277-3344-45B0-B957-C99EC0B8CF7E}.Release|Any CPU.ActiveCfg = Release|Any CPU
		{50470277-3344-45B0-B957-C99EC0B8CF7E}.Release|Any CPU.Build.0 = Release|Any CPU
		{41B2D3D2-EA4B-49AB-9A2D-7FE8EF41F436}.Debug|Any CPU.ActiveCfg = Debug|Any CPU
		{41B2D3D2-EA4B-49AB-9A2D-7FE8EF41F436}.Debug|Any CPU.Build.0 = Debug|Any CPU
		{41B2D3D2-EA4B-49AB-9A2D-7FE8EF41F436}.Release|Any CPU.ActiveCfg = Release|Any CPU
		{41B2D3D2-EA4B-49AB-9A2D-7FE8EF41F436}.Release|Any CPU.Build.0 = Release|Any CPU
		{BB0335A2-C47D-457B-9E36-FD50D22879E2}.Debug|Any CPU.ActiveCfg = Debug|Any CPU
		{BB0335A2-C47D-457B-9E36-FD50D22879E2}.Debug|Any CPU.Build.0 = Debug|Any CPU
		{BB0335A2-C47D-457B-9E36-FD50D22879E2}.Release|Any CPU.ActiveCfg = Release|Any CPU
		{BB0335A2-C47D-457B-9E36-FD50D22879E2}.Release|Any CPU.Build.0 = Release|Any CPU
	EndGlobalSection
	GlobalSection(SolutionProperties) = preSolution
		HideSolutionNode = FALSE
	EndGlobalSection
	GlobalSection(ExtensibilityGlobals) = postSolution
		SolutionGuid = {B898845D-4815-41DC-B3AD-508515765548}
	EndGlobalSection
EndGlobal
